{
  "name": "lingualearn",
  "version": "1.0.0",
  "lockfileVersion": 1,
  "requires": true,
  "dependencies": {
    "react": {
      "version": "17.0.2",
      "resolved": "https://registry.npmjs.org/react/-/react-17.0.2.tgz",
      "integrity": "sha512-LKCEoJYjOGAPYq1RyN5R0F1+0b3RPPtM8c8SkjsQ9zyK3MNW5sl1kJjdPvIoEHv6FUT78U8zBbvQKkxjygMNdQ==",
      "dev": false,
      "requires": {
        "loose-envify": "^1.1.0",
        "object-assign": "^4.1.1"
      }
    },
    "react-dom": {
      "version": "17.0.2",
      "resolved": "https://registry.npmjs.org/react-dom/-/react-dom-17.0.2.tgz",
      "integrity": "sha512-igYKsJWwvCwA/GlDbekI7d+ABV49WjvPvptWCMb6dICGhXxSJ1RhY5gktiPTpB6wErwRpGxz4zBO+xaGULkUeA==",
      "dev": false,
      "requires": {
        "loose-envify": "^1.1.0",
        "object-assign": "^4.1.1"
      }
    },
    "react-scripts": {
      "version": "4.0.3",
      "resolved": "https://registry.npmjs.org/react-scripts/-/react-scripts-4.0.3.tgz",
      "integrity": "sha512-nwxPTc7aKQZtxW6PWLxe6/6SDQf5oQNTF8VsLVx2/AarxS9V8JWgrY/U9G2H0mCRS43BDtFeP/6s0PPi4Um6ig==",
      "dev": true,
      "requires": {
        "bfj": "^7.0.2",
        "chalk": "^4.0.0",
        "cross-env": "^7.0.3",
        "eslint": "^7.11.0",
        "jest": "^26.6.3",
        "resolve": "^1.18.1",
        "webpack": "^4.44.2",
        "webpack-dev-server": "^3.11.0"
      }
    }
  }
}
